
Microsoft Visual Studio Solution File, Format Version 12.00
# Visual Studio 2013
VisualStudioVersion = 12.0.31101.0
MinimumVisualStudioVersion = 10.0.40219.1
Project("{FAE04EC0-301F-11D3-BF4B-00C04F79EFBC}") = "Matrix", "Matrix\Matrix.csproj", "{2515AB07-669E-453C-B1B3-CD5A3951DBF6}"
EndProject
Project("{FAE04EC0-301F-11D3-BF4B-00C04F79EFBC}") = "Matrix.Test", "Matrix.Test\Matrix.Test.csproj", "{C9A2BAC1-1EDD-47CC-A6A1-6CBEE10EF32B}"
EndProject
Global
	GlobalSection(SolutionConfigurationPlatforms) = preSolution
		Debug|Any CPU = Debug|Any CPU
		Release|Any CPU = Release|Any CPU
	EndGlobalSection
	GlobalSection(ProjectConfigurationPlatforms) = postSolution
		{2515AB07-669E-453C-B1B3-CD5A3951DBF6}.Debug|Any CPU.ActiveCfg = Debug|Any CPU
		{2515AB07-669E-453C-B1B3-CD5A3951DBF6}.Debug|Any CPU.Build.0 = Debug|Any CPU
		{2515AB07-669E-453C-B1B3-CD5A3951DBF6}.Release|Any CPU.ActiveCfg = Release|Any CPU
		{2515AB07-669E-453C-B1B3-CD5A3951DBF6}.Release|Any CPU.Build.0 = Release|Any CPU
		{C9A2BAC1-1EDD-47CC-A6A1-6CBEE10EF32B}.Debug|Any CPU.ActiveCfg = Debug|Any CPU
		{C9A2BAC1-1EDD-47CC-A6A1-6CBEE10EF32B}.Debug|Any CPU.Build.0 = Debug|Any CPU
		{C9A2BAC1-1EDD-47CC-A6A1-6CBEE10EF32B}.Release|Any CPU.ActiveCfg = Release|Any CPU
		{C9A2BAC1-1EDD-47CC-A6A1-6CBEE10EF32B}.Release|Any CPU.Build.0 = Release|Any CPU
	EndGlobalSection
	GlobalSection(SolutionProperties) = preSolution
		HideSolutionNode = FALSE
	EndGlobalSection
EndGlobal
