
Microsoft Visual Studio Solution File, Format Version 12.00
# Visual Studio 2013
VisualStudioVersion = 12.0.31101.0
MinimumVisualStudioVersion = 10.0.40219.1
Project("{FAE04EC0-301F-11D3-BF4B-00C04F79EFBC}") = "Loops", "Loops\Loops.csproj", "{FB83D972-3316-4B30-863A-3A988BC0F9F7}"
EndProject
Global
	GlobalSection(SolutionConfigurationPlatforms) = preSolution
		Debug|Any CPU = Debug|Any CPU
		Release|Any CPU = Release|Any CPU
	EndGlobalSection
	GlobalSection(ProjectConfigurationPlatforms) = postSolution
		{FB83D972-3316-4B30-863A-3A988BC0F9F7}.Debug|Any CPU.ActiveCfg = Debug|Any CPU
		{FB83D972-3316-4B30-863A-3A988BC0F9F7}.Debug|Any CPU.Build.0 = Debug|Any CPU
		{FB83D972-3316-4B30-863A-3A988BC0F9F7}.Release|Any CPU.ActiveCfg = Release|Any CPU
		{FB83D972-3316-4B30-863A-3A988BC0F9F7}.Release|Any CPU.Build.0 = Release|Any CPU
	EndGlobalSection
	GlobalSection(SolutionProperties) = preSolution
		HideSolutionNode = FALSE
	EndGlobalSection
EndGlobal
