
Microsoft Visual Studio Solution File, Format Version 12.00
# Visual Studio 2013
VisualStudioVersion = 12.0.31101.0
MinimumVisualStudioVersion = 10.0.40219.1
Project("{FAE04EC0-301F-11D3-BF4B-00C04F79EFBC}") = "01.Underscore", "01.Underscore\01.Underscore.csproj", "{4FC6BA71-5CD0-4D2E-8169-377E2F1D130A}"
EndProject
Global
	GlobalSection(SolutionConfigurationPlatforms) = preSolution
		Debug|Any CPU = Debug|Any CPU
		Release|Any CPU = Release|Any CPU
	EndGlobalSection
	GlobalSection(ProjectConfigurationPlatforms) = postSolution
		{4FC6BA71-5CD0-4D2E-8169-377E2F1D130A}.Debug|Any CPU.ActiveCfg = Debug|Any CPU
		{4FC6BA71-5CD0-4D2E-8169-377E2F1D130A}.Debug|Any CPU.Build.0 = Debug|Any CPU
		{4FC6BA71-5CD0-4D2E-8169-377E2F1D130A}.Release|Any CPU.ActiveCfg = Release|Any CPU
		{4FC6BA71-5CD0-4D2E-8169-377E2F1D130A}.Release|Any CPU.Build.0 = Release|Any CPU
	EndGlobalSection
	GlobalSection(SolutionProperties) = preSolution
		HideSolutionNode = FALSE
	EndGlobalSection
EndGlobal
