
Microsoft Visual Studio Solution File, Format Version 12.00
# Visual Studio 14
VisualStudioVersion = 14.0.23107.0
MinimumVisualStudioVersion = 10.0.40219.1
Project("{FAE04EC0-301F-11D3-BF4B-00C04F79EFBC}") = "MusicDB.ConsoleClient", "MusicDB.ConsoleClient\MusicDB.ConsoleClient.csproj", "{288859EE-1D03-461E-8CC1-D42B5D96B8A9}"
EndProject
Project("{FAE04EC0-301F-11D3-BF4B-00C04F79EFBC}") = "MusicDB.Data", "MusicDB.Data\MusicDB.Data.csproj", "{20175939-D51A-4F6B-B5A2-C583CB7D0BC4}"
EndProject
Project("{FAE04EC0-301F-11D3-BF4B-00C04F79EFBC}") = "MusicDB.Models", "MusicDB.Models\MusicDB.Models.csproj", "{28B3C9BE-9B85-4F68-A310-98F977E5D1CE}"
EndProject
Project("{FAE04EC0-301F-11D3-BF4B-00C04F79EFBC}") = "MusicDB.Services", "MusicDB.Services\MusicDB.Services.csproj", "{598127F2-AFDB-46E8-A97F-EA8EC9BF935E}"
EndProject
Global
	GlobalSection(SolutionConfigurationPlatforms) = preSolution
		Debug|Any CPU = Debug|Any CPU
		Release|Any CPU = Release|Any CPU
	EndGlobalSection
	GlobalSection(ProjectConfigurationPlatforms) = postSolution
		{288859EE-1D03-461E-8CC1-D42B5D96B8A9}.Debug|Any CPU.ActiveCfg = Debug|Any CPU
		{288859EE-1D03-461E-8CC1-D42B5D96B8A9}.Debug|Any CPU.Build.0 = Debug|Any CPU
		{288859EE-1D03-461E-8CC1-D42B5D96B8A9}.Release|Any CPU.ActiveCfg = Release|Any CPU
		{288859EE-1D03-461E-8CC1-D42B5D96B8A9}.Release|Any CPU.Build.0 = Release|Any CPU
		{20175939-D51A-4F6B-B5A2-C583CB7D0BC4}.Debug|Any CPU.ActiveCfg = Debug|Any CPU
		{20175939-D51A-4F6B-B5A2-C583CB7D0BC4}.Debug|Any CPU.Build.0 = Debug|Any CPU
		{20175939-D51A-4F6B-B5A2-C583CB7D0BC4}.Release|Any CPU.ActiveCfg = Release|Any CPU
		{20175939-D51A-4F6B-B5A2-C583CB7D0BC4}.Release|Any CPU.Build.0 = Release|Any CPU
		{28B3C9BE-9B85-4F68-A310-98F977E5D1CE}.Debug|Any CPU.ActiveCfg = Debug|Any CPU
		{28B3C9BE-9B85-4F68-A310-98F977E5D1CE}.Debug|Any CPU.Build.0 = Debug|Any CPU
		{28B3C9BE-9B85-4F68-A310-98F977E5D1CE}.Release|Any CPU.ActiveCfg = Release|Any CPU
		{28B3C9BE-9B85-4F68-A310-98F977E5D1CE}.Release|Any CPU.Build.0 = Release|Any CPU
		{598127F2-AFDB-46E8-A97F-EA8EC9BF935E}.Debug|Any CPU.ActiveCfg = Debug|Any CPU
		{598127F2-AFDB-46E8-A97F-EA8EC9BF935E}.Debug|Any CPU.Build.0 = Debug|Any CPU
		{598127F2-AFDB-46E8-A97F-EA8EC9BF935E}.Release|Any CPU.ActiveCfg = Release|Any CPU
		{598127F2-AFDB-46E8-A97F-EA8EC9BF935E}.Release|Any CPU.Build.0 = Release|Any CPU
	EndGlobalSection
	GlobalSection(SolutionProperties) = preSolution
		HideSolutionNode = FALSE
	EndGlobalSection
EndGlobal
