
Microsoft Visual Studio Solution File, Format Version 12.00
# Visual Studio 2013
VisualStudioVersion = 12.0.31101.0
MinimumVisualStudioVersion = 10.0.40219.1
Project("{FAE04EC0-301F-11D3-BF4B-00C04F79EFBC}") = "01.HTMLTables", "HTMLTables\01.HTMLTables.csproj", "{9EA56D97-A272-4381-9CA6-59E90917AB00}"
EndProject
Project("{FAE04EC0-301F-11D3-BF4B-00C04F79EFBC}") = "02.HTMLForm", "02.HTMLForm\02.HTMLForm.csproj", "{0E81E13B-F51F-4015-8883-D1206EA86700}"
EndProject
Project("{FAE04EC0-301F-11D3-BF4B-00C04F79EFBC}") = "03.Calculator", "03.Calculator\03.Calculator.csproj", "{3C1AFC59-43D1-440F-8A2E-0816BF174759}"
EndProject
Global
	GlobalSection(SolutionConfigurationPlatforms) = preSolution
		Debug|Any CPU = Debug|Any CPU
		Release|Any CPU = Release|Any CPU
	EndGlobalSection
	GlobalSection(ProjectConfigurationPlatforms) = postSolution
		{9EA56D97-A272-4381-9CA6-59E90917AB00}.Debug|Any CPU.ActiveCfg = Debug|Any CPU
		{9EA56D97-A272-4381-9CA6-59E90917AB00}.Debug|Any CPU.Build.0 = Debug|Any CPU
		{9EA56D97-A272-4381-9CA6-59E90917AB00}.Release|Any CPU.ActiveCfg = Release|Any CPU
		{9EA56D97-A272-4381-9CA6-59E90917AB00}.Release|Any CPU.Build.0 = Release|Any CPU
		{0E81E13B-F51F-4015-8883-D1206EA86700}.Debug|Any CPU.ActiveCfg = Debug|Any CPU
		{0E81E13B-F51F-4015-8883-D1206EA86700}.Debug|Any CPU.Build.0 = Debug|Any CPU
		{0E81E13B-F51F-4015-8883-D1206EA86700}.Release|Any CPU.ActiveCfg = Release|Any CPU
		{0E81E13B-F51F-4015-8883-D1206EA86700}.Release|Any CPU.Build.0 = Release|Any CPU
		{3C1AFC59-43D1-440F-8A2E-0816BF174759}.Debug|Any CPU.ActiveCfg = Debug|Any CPU
		{3C1AFC59-43D1-440F-8A2E-0816BF174759}.Debug|Any CPU.Build.0 = Debug|Any CPU
		{3C1AFC59-43D1-440F-8A2E-0816BF174759}.Release|Any CPU.ActiveCfg = Release|Any CPU
		{3C1AFC59-43D1-440F-8A2E-0816BF174759}.Release|Any CPU.Build.0 = Release|Any CPU
	EndGlobalSection
	GlobalSection(SolutionProperties) = preSolution
		HideSolutionNode = FALSE
	EndGlobalSection
EndGlobal
