
Microsoft Visual Studio Solution File, Format Version 12.00
# Visual Studio 2013
VisualStudioVersion = 12.0.31101.0
MinimumVisualStudioVersion = 10.0.40219.1
Project("{FAE04EC0-301F-11D3-BF4B-00C04F79EFBC}") = "01.LeapYear", "01.LeapYear\01.LeapYear.csproj", "{70DAF63C-77CA-46A2-8835-E5E3B830200F}"
EndProject
Project("{FAE04EC0-301F-11D3-BF4B-00C04F79EFBC}") = "02.RandomNumbers", "02.RandomNumbers\02.RandomNumbers.csproj", "{78B4BFF9-4FB4-4C04-B34A-EAE7982F0964}"
EndProject
Project("{FAE04EC0-301F-11D3-BF4B-00C04F79EFBC}") = "03.DayOfWeek", "03.DayOfWeek\03.DayOfWeek.csproj", "{588CEAA6-E488-4217-9733-A66BC0F2EF40}"
EndProject
Project("{FAE04EC0-301F-11D3-BF4B-00C04F79EFBC}") = "04.TriangleSurface", "04.TriangleSurface\04.TriangleSurface.csproj", "{065D830A-1E5B-417B-B8BA-B3EFC373BAB2}"
EndProject
Project("{FAE04EC0-301F-11D3-BF4B-00C04F79EFBC}") = "05.Workdays", "05.Workdays\05.Workdays.csproj", "{98BC2FB7-1B24-467B-BB27-4CA90A269531}"
EndProject
Project("{FAE04EC0-301F-11D3-BF4B-00C04F79EFBC}") = "06.SumIntegers", "06.SumIntegers\06.SumIntegers.csproj", "{C6772055-A60F-4951-92CE-2C51A18A09B7}"
EndProject
Global
	GlobalSection(SolutionConfigurationPlatforms) = preSolution
		Debug|Any CPU = Debug|Any CPU
		Release|Any CPU = Release|Any CPU
	EndGlobalSection
	GlobalSection(ProjectConfigurationPlatforms) = postSolution
		{70DAF63C-77CA-46A2-8835-E5E3B830200F}.Debug|Any CPU.ActiveCfg = Debug|Any CPU
		{70DAF63C-77CA-46A2-8835-E5E3B830200F}.Debug|Any CPU.Build.0 = Debug|Any CPU
		{70DAF63C-77CA-46A2-8835-E5E3B830200F}.Release|Any CPU.ActiveCfg = Release|Any CPU
		{70DAF63C-77CA-46A2-8835-E5E3B830200F}.Release|Any CPU.Build.0 = Release|Any CPU
		{78B4BFF9-4FB4-4C04-B34A-EAE7982F0964}.Debug|Any CPU.ActiveCfg = Debug|Any CPU
		{78B4BFF9-4FB4-4C04-B34A-EAE7982F0964}.Debug|Any CPU.Build.0 = Debug|Any CPU
		{78B4BFF9-4FB4-4C04-B34A-EAE7982F0964}.Release|Any CPU.ActiveCfg = Release|Any CPU
		{78B4BFF9-4FB4-4C04-B34A-EAE7982F0964}.Release|Any CPU.Build.0 = Release|Any CPU
		{588CEAA6-E488-4217-9733-A66BC0F2EF40}.Debug|Any CPU.ActiveCfg = Debug|Any CPU
		{588CEAA6-E488-4217-9733-A66BC0F2EF40}.Debug|Any CPU.Build.0 = Debug|Any CPU
		{588CEAA6-E488-4217-9733-A66BC0F2EF40}.Release|Any CPU.ActiveCfg = Release|Any CPU
		{588CEAA6-E488-4217-9733-A66BC0F2EF40}.Release|Any CPU.Build.0 = Release|Any CPU
		{065D830A-1E5B-417B-B8BA-B3EFC373BAB2}.Debug|Any CPU.ActiveCfg = Debug|Any CPU
		{065D830A-1E5B-417B-B8BA-B3EFC373BAB2}.Debug|Any CPU.Build.0 = Debug|Any CPU
		{065D830A-1E5B-417B-B8BA-B3EFC373BAB2}.Release|Any CPU.ActiveCfg = Release|Any CPU
		{065D830A-1E5B-417B-B8BA-B3EFC373BAB2}.Release|Any CPU.Build.0 = Release|Any CPU
		{98BC2FB7-1B24-467B-BB27-4CA90A269531}.Debug|Any CPU.ActiveCfg = Debug|Any CPU
		{98BC2FB7-1B24-467B-BB27-4CA90A269531}.Debug|Any CPU.Build.0 = Debug|Any CPU
		{98BC2FB7-1B24-467B-BB27-4CA90A269531}.Release|Any CPU.ActiveCfg = Release|Any CPU
		{98BC2FB7-1B24-467B-BB27-4CA90A269531}.Release|Any CPU.Build.0 = Release|Any CPU
		{C6772055-A60F-4951-92CE-2C51A18A09B7}.Debug|Any CPU.ActiveCfg = Debug|Any CPU
		{C6772055-A60F-4951-92CE-2C51A18A09B7}.Debug|Any CPU.Build.0 = Debug|Any CPU
		{C6772055-A60F-4951-92CE-2C51A18A09B7}.Release|Any CPU.ActiveCfg = Release|Any CPU
		{C6772055-A60F-4951-92CE-2C51A18A09B7}.Release|Any CPU.Build.0 = Release|Any CPU
	EndGlobalSection
	GlobalSection(SolutionProperties) = preSolution
		HideSolutionNode = FALSE
	EndGlobalSection
EndGlobal
