
Microsoft Visual Studio Solution File, Format Version 12.00
# Visual Studio 2013
VisualStudioVersion = 12.0.31101.0
MinimumVisualStudioVersion = 10.0.40219.1
Project("{FAE04EC0-301F-11D3-BF4B-00C04F79EFBC}") = "02.NestedLists", "02.NestedLists\02.NestedLists.csproj", "{F50080F5-EBF7-4000-AAE7-C75130026638}"
EndProject
Project("{FAE04EC0-301F-11D3-BF4B-00C04F79EFBC}") = "03.SocialSite", "03.SocialSite\03.SocialSite.csproj", "{05C1B1A4-EE63-4B6B-9C1B-2BE43F446ED0}"
EndProject
Project("{FAE04EC0-301F-11D3-BF4B-00C04F79EFBC}") = "01.RunnersHomePage", "01.RunnersHomePage\01.RunnersHomePage.csproj", "{C7B651EE-8B0F-402A-8D89-ED253323A0C7}"
EndProject
Global
	GlobalSection(SolutionConfigurationPlatforms) = preSolution
		Debug|Any CPU = Debug|Any CPU
		Release|Any CPU = Release|Any CPU
	EndGlobalSection
	GlobalSection(ProjectConfigurationPlatforms) = postSolution
		{F50080F5-EBF7-4000-AAE7-C75130026638}.Debug|Any CPU.ActiveCfg = Debug|Any CPU
		{F50080F5-EBF7-4000-AAE7-C75130026638}.Debug|Any CPU.Build.0 = Debug|Any CPU
		{F50080F5-EBF7-4000-AAE7-C75130026638}.Release|Any CPU.ActiveCfg = Release|Any CPU
		{F50080F5-EBF7-4000-AAE7-C75130026638}.Release|Any CPU.Build.0 = Release|Any CPU
		{05C1B1A4-EE63-4B6B-9C1B-2BE43F446ED0}.Debug|Any CPU.ActiveCfg = Debug|Any CPU
		{05C1B1A4-EE63-4B6B-9C1B-2BE43F446ED0}.Debug|Any CPU.Build.0 = Debug|Any CPU
		{05C1B1A4-EE63-4B6B-9C1B-2BE43F446ED0}.Release|Any CPU.ActiveCfg = Release|Any CPU
		{05C1B1A4-EE63-4B6B-9C1B-2BE43F446ED0}.Release|Any CPU.Build.0 = Release|Any CPU
		{C7B651EE-8B0F-402A-8D89-ED253323A0C7}.Debug|Any CPU.ActiveCfg = Debug|Any CPU
		{C7B651EE-8B0F-402A-8D89-ED253323A0C7}.Debug|Any CPU.Build.0 = Debug|Any CPU
		{C7B651EE-8B0F-402A-8D89-ED253323A0C7}.Release|Any CPU.ActiveCfg = Release|Any CPU
		{C7B651EE-8B0F-402A-8D89-ED253323A0C7}.Release|Any CPU.Build.0 = Release|Any CPU
	EndGlobalSection
	GlobalSection(SolutionProperties) = preSolution
		HideSolutionNode = FALSE
	EndGlobalSection
EndGlobal
